// !$*UTF8*$!
{
	archiveVersion = 1;
	classes = {
	};
	objectVersion = 55;
	objects = {

/* Begin PBXBuildFile section */
		3008007E3014B9D6003D8E56 /* gps.swift in Sources */ = {isa = PBXBuildFile; fileRef = 3008007D3014B9D6003D8E56 /* gps.swift */; };
		300800823014C161003D8E56 /* gps.m in Sources */ = {isa = PBXBuildFile; fileRef = 300800813014C161003D8E56 /* gps.m */; };
		30C7EDBA301E2C2800877A72 /* SettingsCells.swift in Sources */ = {isa = PBXBuildFile; fileRef = 30C7EDB9301E2C2800877A72 /* SettingsCells.swift */; };
		30C7EDBC301E30F300877A72 /* theme.swift in Sources */ = {isa = PBXBuildFile; fileRef = 30C7EDBB301E30F300877A72 /* theme.swift */; };
		30D6381E301D11AC00E0BEB8 /* mapCA.swift in Sources */ = {isa = PBXBuildFile; fileRef = 30D6381D301D11AC00E0BEB8 /* mapCA.swift */; };
		30D63820301D135C00E0BEB8 /* ui.swift in Sources */ = {isa = PBXBuildFile; fileRef = 30D6381F301D135C00E0BEB8 /* ui.swift */; };
		30D63822301D2BFD00E0BEB8 /* SettingsViewController.swift in Sources */ = {isa = PBXBuildFile; fileRef = 30D63821301D2BFD00E0BEB8 /* SettingsViewController.swift */; };
		30EEDB1D302236F3005F32CB /* SuggestCell.swift in Sources */ = {isa = PBXBuildFile; fileRef = 30EEDB1C302236F3005F32CB /* SuggestCell.swift */; };
		30F026AF3009377300AA6ACB /* yxapi.swift in Sources */ = {isa = PBXBuildFile; fileRef = 30F026AE3009377300AA6ACB /* yxapi.swift */; };
		30F97E213008178C00B313FD /* Assets.xcassets in Resources */ = {isa = PBXBuildFile; fileRef = 30F97E203008178C00B313FD /* Assets.xcassets */; };
		30F97E283008179500B313FD /* MapVC.swift in Sources */ = {isa = PBXBuildFile; fileRef = 30F97E273008179500B313FD /* MapVC.swift */; };
		30F97E2A3008181B00B313FD /* AppDelegate.swift in Sources */ = {isa = PBXBuildFile; fileRef = 30F97E293008181B00B313FD /* AppDelegate.swift */; };
		30F97E2E3008185D00B313FD /* Main.storyboard in Resources */ = {isa = PBXBuildFile; fileRef = 30F97E2D3008185D00B313FD /* Main.storyboard */; };
		30F97E303008186300B313FD /* Launch Screen.storyboard in Resources */ = {isa = PBXBuildFile; fileRef = 30F97E2F3008186300B313FD /* Launch Screen.storyboard */; };
/* End PBXBuildFile section */

/* Begin PBXFileReference section */
		3008007D3014B9D6003D8E56 /* gps.swift */ = {isa = PBXFileReference; lastKnownFileType = sourcecode.swift; path = gps.swift; sourceTree = "<group>"; };
		3008007F3014C117003D8E56 /* gps.h */ = {isa = PBXFileReference; lastKnownFileType = sourcecode.c.h; path = gps.h; sourceTree = "<group>"; };
		300800803014C160003D8E56 /* YXMaps-Bridging-Header.h */ = {isa = PBXFileReference; lastKnownFileType = sourcecode.c.h; path = "YXMaps-Bridging-Header.h"; sourceTree = "<group>"; };
		300800813014C161003D8E56 /* gps.m */ = {isa = PBXFileReference; lastKnownFileType = sourcecode.c.objc; path = gps.m; sourceTree = "<group>"; };
		30C7EDB9301E2C2800877A72 /* SettingsCells.swift */ = {isa = PBXFileReference; lastKnownFileType = sourcecode.swift; path = SettingsCells.swift; sourceTree = "<group>"; };
		30C7EDBB301E30F300877A72 /* theme.swift */ = {isa = PBXFileReference; lastKnownFileType = sourcecode.swift; path = theme.swift; sourceTree = "<group>"; };
		30D6381D301D11AC00E0BEB8 /* mapCA.swift */ = {isa = PBXFileReference; lastKnownFileType = sourcecode.swift; path = mapCA.swift; sourceTree = "<group>"; };
		30D6381F301D135C00E0BEB8 /* ui.swift */ = {isa = PBXFileReference; lastKnownFileType = sourcecode.swift; path = ui.swift; sourceTree = "<group>"; };
		30D63821301D2BFD00E0BEB8 /* SettingsViewController.swift */ = {isa = PBXFileReference; lastKnownFileType = sourcecode.swift; path = SettingsViewController.swift; sourceTree = "<group>"; };
		30EEDB1C302236F3005F32CB /* SuggestCell.swift */ = {isa = PBXFileReference; lastKnownFileType = sourcecode.swift; path = SuggestCell.swift; sourceTree = "<group>"; };
		30F026AE3009377300AA6ACB /* yxapi.swift */ = {isa = PBXFileReference; lastKnownFileType = sourcecode.swift; path = yxapi.swift; sourceTree = "<group>"; };
		30F97E1B3008178C00B313FD /* YXMaps.app */ = {isa = PBXFileReference; explicitFileType = wrapper.application; includeInIndex = 0; path = YXMaps.app; sourceTree = BUILT_PRODUCTS_DIR; };
		30F97E203008178C00B313FD /* Assets.xcassets */ = {isa = PBXFileReference; lastKnownFileType = folder.assetcatalog; path = Assets.xcassets; sourceTree = "<group>"; };
		30F97E273008179500B313FD /* MapVC.swift */ = {isa = PBXFileReference; lastKnownFileType = sourcecode.swift; path = MapVC.swift; sourceTree = "<group>"; };
		30F97E293008181B00B313FD /* AppDelegate.swift */ = {isa = PBXFileReference; lastKnownFileType = sourcecode.swift; path = AppDelegate.swift; sourceTree = "<group>"; };
		30F97E2D3008185D00B313FD /* Main.storyboard */ = {isa = PBXFileReference; lastKnownFileType = file.storyboard; path = Main.storyboard; sourceTree = "<group>"; };
		30F97E2F3008186300B313FD /* Launch Screen.storyboard */ = {isa = PBXFileReference; lastKnownFileType = file.storyboard; path = "Launch Screen.storyboard"; sourceTree = "<group>"; };
/* End PBXFileReference section */

/* Begin PBXFrameworksBuildPhase section */
		30F97E183008178C00B313FD /* Frameworks */ = {
			isa = PBXFrameworksBuildPhase;
			buildActionMask = 2147483647;
			files = (
			);
			runOnlyForDeploymentPostprocessing = 0;
		};
/* End PBXFrameworksBuildPhase section */

/* Begin PBXGroup section */
		30F97E123008178C00B313FD = {
			isa = PBXGroup;
			children = (
				30F97E1D3008178C00B313FD /* YXMaps */,
				30F97E1C3008178C00B313FD /* Products */,
			);
			sourceTree = "<group>";
		};
		30F97E1C3008178C00B313FD /* Products */ = {
			isa = PBXGroup;
			children = (
				30F97E1B3008178C00B313FD /* YXMaps.app */,
			);
			name = Products;
			sourceTree = "<group>";
		};
		30F97E1D3008178C00B313FD /* YXMaps */ = {
			isa = PBXGroup;
			children = (
				30F97E273008179500B313FD /* MapVC.swift */,
				30F026AE3009377300AA6ACB /* yxapi.swift */,
				3008007D3014B9D6003D8E56 /* gps.swift */,
				3008007F3014C117003D8E56 /* gps.h */,
				300800813014C161003D8E56 /* gps.m */,
				30F97E293008181B00B313FD /* AppDelegate.swift */,
				30F97E2D3008185D00B313FD /* Main.storyboard */,
				30F97E2F3008186300B313FD /* Launch Screen.storyboard */,
				30F97E203008178C00B313FD /* Assets.xcassets */,
				300800803014C160003D8E56 /* YXMaps-Bridging-Header.h */,
				30D6381D301D11AC00E0BEB8 /* mapCA.swift */,
				30D6381F301D135C00E0BEB8 /* ui.swift */,
				30D63821301D2BFD00E0BEB8 /* SettingsViewController.swift */,
				30C7EDB9301E2C2800877A72 /* SettingsCells.swift */,
				30C7EDBB301E30F300877A72 /* theme.swift */,
				30EEDB1C302236F3005F32CB /* SuggestCell.swift */,
			);
			path = YXMaps;
			sourceTree = "<group>";
		};
/* End PBXGroup section */

/* Begin PBXNativeTarget section */
		30F97E1A3008178C00B313FD /* YXMaps */ = {
			isa = PBXNativeTarget;
			buildConfigurationList = 30F97E243008178C00B313FD /* Build configuration list for PBXNativeTarget "YXMaps" */;
			buildPhases = (
				30F97E173008178C00B313FD /* Sources */,
				30F97E183008178C00B313FD /* Frameworks */,
				30F97E193008178C00B313FD /* Resources */,
				30C7663A301F8AD200F3ADD7 /* ShellScript */,
			);
			buildRules = (
			);
			dependencies = (
			);
			name = YXMaps;
			productName = YXMaps;
			productReference = 30F97E1B3008178C00B313FD /* YXMaps.app */;
			productType = "com.apple.product-type.application";
		};
/* End PBXNativeTarget section */

/* Begin PBXProject section */
		30F97E133008178C00B313FD /* Project object */ = {
			isa = PBXProject;
			attributes = {
				BuildIndependentTargetsInParallel = 1;
				LastSwiftUpdateCheck = 1340;
				LastUpgradeCheck = 1340;
				TargetAttributes = {
					30F97E1A3008178C00B313FD = {
						CreatedOnToolsVersion = 13.4.1;
						LastSwiftMigration = 1320;
					};
				};
			};
			buildConfigurationList = 30F97E163008178C00B313FD /* Build configuration list for PBXProject "YXMaps" */;
			compatibilityVersion = "Xcode 13.0";
			developmentRegion = en;
			hasScannedForEncodings = 0;
			knownRegions = (
				en,
				Base,
			);
			mainGroup = 30F97E123008178C00B313FD;
			productRefGroup = 30F97E1C3008178C00B313FD /* Products */;
			projectDirPath = "";
			projectRoot = "";
			targets = (
				30F97E1A3008178C00B313FD /* YXMaps */,
			);
		};
/* End PBXProject section */

/* Begin PBXResourcesBuildPhase section */
		30F97E193008178C00B313FD /* Resources */ = {
			isa = PBXResourcesBuildPhase;
			buildActionMask = 2147483647;
			files = (
				30F97E303008186300B313FD /* Launch Screen.storyboard in Resources */,
				30F97E213008178C00B313FD /* Assets.xcassets in Resources */,
				30F97E2E3008185D00B313FD /* Main.storyboard in Resources */,
			);
			runOnlyForDeploymentPostprocessing = 0;
		};
/* End PBXResourcesBuildPhase section */

/* Begin PBXShellScriptBuildPhase section */
		30C7663A301F8AD200F3ADD7 /* ShellScript */ = {
			isa = PBXShellScriptBuildPhase;
			buildActionMask = 2147483647;
			files = (
			);
			inputFileListPaths = (
			);
			inputPaths = (
			);
			outputFileListPaths = (
			);
			outputPaths = (
			);
			runOnlyForDeploymentPostprocessing = 0;
			shellPath = /bin/sh;
			shellScript = "find \"$SRCROOT/$PRODUCT_NAME/Assets.xcassets\" -name \"*.png\" -exec cp {} \"$BUILT_PRODUCTS_DIR/$UNLOCALIZED_RESOURCES_FOLDER_PATH/\" \\;\n";
		};
/* End PBXShellScriptBuildPhase section */

/* Begin PBXSourcesBuildPhase section */
		30F97E173008178C00B313FD /* Sources */ = {
			isa = PBXSourcesBuildPhase;
			buildActionMask = 2147483647;
			files = (
				300800823014C161003D8E56 /* gps.m in Sources */,
				30F97E2A3008181B00B313FD /* AppDelegate.swift in Sources */,
				30F026AF3009377300AA6ACB /* yxapi.swift in Sources */,
				30EEDB1D302236F3005F32CB /* SuggestCell.swift in Sources */,
				3008007E3014B9D6003D8E56 /* gps.swift in Sources */,
				30D6381E301D11AC00E0BEB8 /* mapCA.swift in Sources */,
				30D63820301D135C00E0BEB8 /* ui.swift in Sources */,
				30F97E283008179500B313FD /* MapVC.swift in Sources */,
				30C7EDBC301E30F300877A72 /* theme.swift in Sources */,
				30C7EDBA301E2C2800877A72 /* SettingsCells.swift in Sources */,
				30D63822301D2BFD00E0BEB8 /* SettingsViewController.swift in Sources */,
			);
			runOnlyForDeploymentPostprocessing = 0;
		};
/* End PBXSourcesBuildPhase section */

/* Begin XCBuildConfiguration section */
		30F97E223008178C00B313FD /* Debug */ = {
			isa = XCBuildConfiguration;
			buildSettings = {
				ALWAYS_SEARCH_USER_PATHS = NO;
				CLANG_ANALYZER_NONNULL = YES;
				CLANG_ANALYZER_NUMBER_OBJECT_CONVERSION = YES_AGGRESSIVE;
				CLANG_CXX_LANGUAGE_STANDARD = "gnu++17";
				CLANG_ENABLE_MODULES = YES;
				CLANG_ENABLE_OBJC_ARC = YES;
				CLANG_ENABLE_OBJC_WEAK = YES;
				CLANG_WARN_BLOCK_CAPTURE_AUTORELEASING = YES;
				CLANG_WARN_BOOL_CONVERSION = YES;
				CLANG_WARN_COMMA = YES;
				CLANG_WARN_CONSTANT_CONVERSION = YES;
				CLANG_WARN_DEPRECATED_OBJC_IMPLEMENTATIONS = YES;
				CLANG_WARN_DIRECT_OBJC_ISA_USAGE = YES_ERROR;
				CLANG_WARN_DOCUMENTATION_COMMENTS = YES;
				CLANG_WARN_EMPTY_BODY = YES;
				CLANG_WARN_ENUM_CONVERSION = YES;
				CLANG_WARN_INFINITE_RECURSION = YES;
				CLANG_WARN_INT_CONVERSION = YES;
				CLANG_WARN_NON_LITERAL_NULL_CONVERSION = YES;
				CLANG_WARN_OBJC_IMPLICIT_RETAIN_SELF = YES;
				CLANG_WARN_OBJC_LITERAL_CONVERSION = YES;
				CLANG_WARN_OBJC_ROOT_CLASS = YES_ERROR;
				CLANG_WARN_QUOTED_INCLUDE_IN_FRAMEWORK_HEADER = YES;
				CLANG_WARN_RANGE_LOOP_ANALYSIS = YES;
				CLANG_WARN_STRICT_PROTOTYPES = YES;
				CLANG_WARN_SUSPICIOUS_MOVE = YES;
				CLANG_WARN_UNGUARDED_AVAILABILITY = YES_AGGRESSIVE;
				CLANG_WARN_UNREACHABLE_CODE = YES;
				CLANG_WARN__DUPLICATE_METHOD_MATCH = YES;
				COPY_PHASE_STRIP = NO;
				DEBUG_INFORMATION_FORMAT = dwarf;
				ENABLE_STRICT_OBJC_MSGSEND = YES;
				ENABLE_TESTABILITY = YES;
				GCC_C_LANGUAGE_STANDARD = gnu11;
				GCC_DYNAMIC_NO_PIC = NO;
				GCC_NO_COMMON_BLOCKS = YES;
				GCC_OPTIMIZATION_LEVEL = 0;
				GCC_PREPROCESSOR_DEFINITIONS = (
					"DEBUG=1",
					"$(inherited)",
				);
				GCC_WARN_64_TO_32_BIT_CONVERSION = YES;
				GCC_WARN_ABOUT_RETURN_TYPE = YES_ERROR;
				GCC_WARN_UNDECLARED_SELECTOR = YES;
				GCC_WARN_UNINITIALIZED_AUTOS = YES_AGGRESSIVE;
				GCC_WARN_UNUSED_FUNCTION = YES;
				GCC_WARN_UNUSED_VARIABLE = YES;
				IPHONEOS_DEPLOYMENT_TARGET = 7.0;
				MTL_ENABLE_DEBUG_INFO = INCLUDE_SOURCE;
				MTL_FAST_MATH = YES;
				ONLY_ACTIVE_ARCH = YES;
				SDKROOT = iphoneos;
				SWIFT_ACTIVE_COMPILATION_CONDITIONS = DEBUG;
				SWIFT_OPTIMIZATION_LEVEL = "-Onone";
			};
			name = Debug;
		};
		30F97E233008178C00B313FD /* Release */ = {
			isa = XCBuildConfiguration;
			buildSettings = {
				ALWAYS_SEARCH_USER_PATHS = NO;
				CLANG_ANALYZER_NONNULL = YES;
				CLANG_ANALYZER_NUMBER_OBJECT_CONVERSION = YES_AGGRESSIVE;
				CLANG_CXX_LANGUAGE_STANDARD = "gnu++17";
				CLANG_ENABLE_MODULES = YES;
				CLANG_ENABLE_OBJC_ARC = YES;
				CLANG_ENABLE_OBJC_WEAK = YES;
				CLANG_WARN_BLOCK_CAPTURE_AUTORELEASING = YES;
				CLANG_WARN_BOOL_CONVERSION = YES;
				CLANG_WARN_COMMA = YES;
				CLANG_WARN_CONSTANT_CONVERSION = YES;
				CLANG_WARN_DEPRECATED_OBJC_IMPLEMENTATIONS = YES;
				CLANG_WARN_DIRECT_OBJC_ISA_USAGE = YES_ERROR;
				CLANG_WARN_DOCUMENTATION_COMMENTS = YES;
				CLANG_WARN_EMPTY_BODY = YES;
				CLANG_WARN_ENUM_CONVERSION = YES;
				CLANG_WARN_INFINITE_RECURSION = YES;
				CLANG_WARN_INT_CONVERSION = YES;
				CLANG_WARN_NON_LITERAL_NULL_CONVERSION = YES;
				CLANG_WARN_OBJC_IMPLICIT_RETAIN_SELF = YES;
				CLANG_WARN_OBJC_LITERAL_CONVERSION = YES;
				CLANG_WARN_OBJC_ROOT_CLASS = YES_ERROR;
				CLANG_WARN_QUOTED_INCLUDE_IN_FRAMEWORK_HEADER = YES;
				CLANG_WARN_RANGE_LOOP_ANALYSIS = YES;
				CLANG_WARN_STRICT_PROTOTYPES = YES;
				CLANG_WARN_SUSPICIOUS_MOVE = YES;
				CLANG_WARN_UNGUARDED_AVAILABILITY = YES_AGGRESSIVE;
				CLANG_WARN_UNREACHABLE_CODE = YES;
				CLANG_WARN__DUPLICATE_METHOD_MATCH = YES;
				COPY_PHASE_STRIP = NO;
				DEBUG_INFORMATION_FORMAT = "dwarf-with-dsym";
				ENABLE_NS_ASSERTIONS = NO;
				ENABLE_STRICT_OBJC_MSGSEND = YES;
				GCC_C_LANGUAGE_STANDARD = gnu11;
				GCC_NO_COMMON_BLOCKS = YES;
				GCC_WARN_64_TO_32_BIT_CONVERSION = YES;
				GCC_WARN_ABOUT_RETURN_TYPE = YES_ERROR;
				GCC_WARN_UNDECLARED_SELECTOR = YES;
				GCC_WARN_UNINITIALIZED_AUTOS = YES_AGGRESSIVE;
				GCC_WARN_UNUSED_FUNCTION = YES;
				GCC_WARN_UNUSED_VARIABLE = YES;
				IPHONEOS_DEPLOYMENT_TARGET = 7.0;
				MTL_ENABLE_DEBUG_INFO = NO;
				MTL_FAST_MATH = YES;
				SDKROOT = iphoneos;
				SWIFT_COMPILATION_MODE = wholemodule;
				SWIFT_OPTIMIZATION_LEVEL = "-O";
				VALIDATE_PRODUCT = YES;
			};
			name = Release;
		};
		30F97E253008178C00B313FD /* Debug */ = {
			isa = XCBuildConfiguration;
			buildSettings = {
				ASSETCATALOG_COMPILER_APPICON_NAME = AppIcon;
				ASSETCATALOG_COMPILER_GLOBAL_ACCENT_COLOR_NAME = AccentColor;
				CLANG_ENABLE_MODULES = YES;
				CODE_SIGN_STYLE = Automatic;
				CURRENT_PROJECT_VERSION = 1;
				GENERATE_INFOPLIST_FILE = YES;
				INFOPLIST_FILE = "";
				INFOPLIST_KEY_NSLocationWhenInUseUsageDescription = "App needs location to show it on map.";
				INFOPLIST_KEY_UIApplicationSupportsIndirectInputEvents = YES;
				INFOPLIST_KEY_UILaunchStoryboardName = "Launch Screen";
				INFOPLIST_KEY_UISupportedInterfaceOrientations_iPad = "UIInterfaceOrientationPortrait UIInterfaceOrientationPortraitUpsideDown UIInterfaceOrientationLandscapeLeft UIInterfaceOrientationLandscapeRight";
				INFOPLIST_KEY_UISupportedInterfaceOrientations_iPhone = "UIInterfaceOrientationPortrait UIInterfaceOrientationLandscapeLeft UIInterfaceOrientationLandscapeRight";
				LD_RUNPATH_SEARCH_PATHS = (
					"$(inherited)",
					"@executable_path/Frameworks",
				);
				MARKETING_VERSION = 0.2.1;
				PRODUCT_BUNDLE_IDENTIFIER = com.spytaspund.YXMaps;
				PRODUCT_NAME = "$(TARGET_NAME)";
				SWIFT_EMIT_LOC_STRINGS = YES;
				SWIFT_OBJC_BRIDGING_HEADER = "YXMaps/YXMaps-Bridging-Header.h";
				SWIFT_OPTIMIZATION_LEVEL = "-Onone";
				SWIFT_VERSION = 5.0;
				TARGETED_DEVICE_FAMILY = "1,2";
			};
			name = Debug;
		};
		30F97E263008178C00B313FD /* Release */ = {
			isa = XCBuildConfiguration;
			buildSettings = {
				ASSETCATALOG_COMPILER_APPICON_NAME = AppIcon;
				ASSETCATALOG_COMPILER_GLOBAL_ACCENT_COLOR_NAME = AccentColor;
				CLANG_ENABLE_MODULES = YES;
				CODE_SIGN_STYLE = Automatic;
				CURRENT_PROJECT_VERSION = 1;
				GENERATE_INFOPLIST_FILE = YES;
				INFOPLIST_FILE = "";
				INFOPLIST_KEY_NSLocationWhenInUseUsageDescription = "App needs location to show it on map.";
				INFOPLIST_KEY_UIApplicationSupportsIndirectInputEvents = YES;
				INFOPLIST_KEY_UILaunchStoryboardName = "Launch Screen";
				INFOPLIST_KEY_UISupportedInterfaceOrientations_iPad = "UIInterfaceOrientationPortrait UIInterfaceOrientationPortraitUpsideDown UIInterfaceOrientationLandscapeLeft UIInterfaceOrientationLandscapeRight";
				INFOPLIST_KEY_UISupportedInterfaceOrientations_iPhone = "UIInterfaceOrientationPortrait UIInterfaceOrientationLandscapeLeft UIInterfaceOrientationLandscapeRight";
				LD_RUNPATH_SEARCH_PATHS = (
					"$(inherited)",
					"@executable_path/Frameworks",
				);
				MARKETING_VERSION = 0.2.1;
				PRODUCT_BUNDLE_IDENTIFIER = com.spytaspund.YXMaps;
				PRODUCT_NAME = "$(TARGET_NAME)";
				SWIFT_EMIT_LOC_STRINGS = YES;
				SWIFT_OBJC_BRIDGING_HEADER = "YXMaps/YXMaps-Bridging-Header.h";
				SWIFT_VERSION = 5.0;
				TARGETED_DEVICE_FAMILY = "1,2";
			};
			name = Release;
		};
/* End XCBuildConfiguration section */

/* Begin XCConfigurationList section */
		30F97E163008178C00B313FD /* Build configuration list for PBXProject "YXMaps" */ = {
			isa = XCConfigurationList;
			buildConfigurations = (
				30F97E223008178C00B313FD /* Debug */,
				30F97E233008178C00B313FD /* Release */,
			);
			defaultConfigurationIsVisible = 0;
			defaultConfigurationName = Release;
		};
		30F97E243008178C00B313FD /* Build configuration list for PBXNativeTarget "YXMaps" */ = {
			isa = XCConfigurationList;
			buildConfigurations = (
				30F97E253008178C00B313FD /* Debug */,
				30F97E263008178C00B313FD /* Release */,
			);
			defaultConfigurationIsVisible = 0;
			defaultConfigurationName = Release;
		};
/* End XCConfigurationList section */
	};
	rootObject = 30F97E133008178C00B313FD /* Project object */;
}
